
Microsoft Visual Studio Solution File, Format Version 12.00
# Visual Studio Version 17
VisualStudioVersion = 17.3.32825.248
MinimumVisualStudioVersion = 10.0.40219.1
Project("{9A19103F-16F7-4668-BE54-9A1E7A4F7556}") = "TimeZones", "TimeZones\TimeZones.csproj", "{BE2514C0-424A-4E6A-8C63-350D2F582976}"
EndProject
Project("{9A19103F-16F7-4668-BE54-9A1E7A4F7556}") = "TimeZones.Tests", "TimeZones.Tests\TimeZones.Tests.csproj", "{B43E594D-01B9-4B89-9A3B-C367CF701FD4}"
EndProject
Global
	GlobalSection(SolutionConfigurationPlatforms) = preSolution
		Debug|Any CPU = Debug|Any CPU
		Release|Any CPU = Release|Any CPU
	EndGlobalSection
	GlobalSection(ProjectConfigurationPlatforms) = postSolution
		{BE2514C0-424A-4E6A-8C63-350D2F582976}.Debug|Any CPU.ActiveCfg = Debug|Any CPU
		{BE2514C0-424A-4E6A-8C63-350D2F582976}.Debug|Any CPU.Build.0 = Debug|Any CPU
		{BE2514C0-424A-4E6A-8C63-350D2F582976}.Release|Any CPU.ActiveCfg = Release|Any CPU
		{BE2514C0-424A-4E6A-8C63-350D2F582976}.Release|Any CPU.Build.0 = Release|Any CPU
		{B43E594D-01B9-4B89-9A3B-C367CF701FD4}.Debug|Any CPU.ActiveCfg = Debug|Any CPU
		{B43E594D-01B9-4B89-9A3B-C367CF701FD4}.Debug|Any CPU.Build.0 = Debug|Any CPU
		{B43E594D-01B9-4B89-9A3B-C367CF701FD4}.Release|Any CPU.ActiveCfg = Release|Any CPU
		{B43E594D-01B9-4B89-9A3B-C367CF701FD4}.Release|Any CPU.Build.0 = Release|Any CPU
	EndGlobalSection
	GlobalSection(SolutionProperties) = preSolution
		HideSolutionNode = FALSE
	EndGlobalSection
	GlobalSection(ExtensibilityGlobals) = postSolution
		SolutionGuid = {5E1E22B2-D52D-47B6-B2CD-437A92D672DF}
	EndGlobalSection
EndGlobal
